// !$*UTF8*$!
{
	archiveVersion = 1;
	classes = {
	};
	objectVersion = 55;
	objects = {

/* Begin PBXBuildFile section */
		38D1C21836FFB0C85B8DC075 /* Pods_testFireBase_testFireBaseUITests.framework in Frameworks */ = {isa = PBXBuildFile; fileRef = 7551DB43C0EAA939CB86F019 /* Pods_testFireBase_testFireBaseUITests.framework */; };
		468E69412B6A7845461F551B /* Pods_testFireBase.framework in Frameworks */ = {isa = PBXBuildFile; fileRef = ED8EAAE6F4CE03001B7B56C7 /* Pods_testFireBase.framework */; };
		9D5D51BE8F37D66921A0DF1C /* Pods_testFireBaseTests.framework in Frameworks */ = {isa = PBXBuildFile; fileRef = 23BB6D6D6861653B577D3449 /* Pods_testFireBaseTests.framework */; };
		CF2BFDA1270C293B006EFFAB /* AppDelegate.swift in Sources */ = {isa = PBXBuildFile; fileRef = CF2BFDA0270C293B006EFFAB /* AppDelegate.swift */; };
		CF2BFDA3270C293B006EFFAB /* SceneDelegate.swift in Sources */ = {isa = PBXBuildFile; fileRef = CF2BFDA2270C293B006EFFAB /* SceneDelegate.swift */; };
		CF2BFDA5270C293B006EFFAB /* HomeViewController.swift in Sources */ = {isa = PBXBuildFile; fileRef = CF2BFDA4270C293B006EFFAB /* HomeViewController.swift */; };
		CF2BFDA8270C293B006EFFAB /* Main.storyboard in Resources */ = {isa = PBXBuildFile; fileRef = CF2BFDA6270C293B006EFFAB /* Main.storyboard */; };
		CF2BFDAA270C293D006EFFAB /* Assets.xcassets in Resources */ = {isa = PBXBuildFile; fileRef = CF2BFDA9270C293D006EFFAB /* Assets.xcassets */; };
		CF2BFDAD270C293D006EFFAB /* LaunchScreen.storyboard in Resources */ = {isa = PBXBuildFile; fileRef = CF2BFDAB270C293D006EFFAB /* LaunchScreen.storyboard */; };
		CF2BFDB8270C293D006EFFAB /* testFireBaseTests.swift in Sources */ = {isa = PBXBuildFile; fileRef = CF2BFDB7270C293D006EFFAB /* testFireBaseTests.swift */; };
		CF2BFDC2270C293D006EFFAB /* testFireBaseUITests.swift in Sources */ = {isa = PBXBuildFile; fileRef = CF2BFDC1270C293D006EFFAB /* testFireBaseUITests.swift */; };
		CF2BFDC4270C293D006EFFAB /* testFireBaseUITestsLaunchTests.swift in Sources */ = {isa = PBXBuildFile; fileRef = CF2BFDC3270C293D006EFFAB /* testFireBaseUITestsLaunchTests.swift */; };
		CF2BFDD1270C2E02006EFFAB /* GoogleService-Info.plist in Resources */ = {isa = PBXBuildFile; fileRef = CF2BFDD0270C2E02006EFFAB /* GoogleService-Info.plist */; };
		CF2BFDD9270C3145006EFFAB /* ExploreViewController.swift in Sources */ = {isa = PBXBuildFile; fileRef = CF2BFDD8270C3145006EFFAB /* ExploreViewController.swift */; };
		CF2BFDDB270C3186006EFFAB /* ProFileViewController.swift in Sources */ = {isa = PBXBuildFile; fileRef = CF2BFDDA270C3186006EFFAB /* ProFileViewController.swift */; };
		CF2BFDDD270C31B3006EFFAB /* CameraViewController.swift in Sources */ = {isa = PBXBuildFile; fileRef = CF2BFDDC270C31B3006EFFAB /* CameraViewController.swift */; };
		CF2BFDDF270C31FE006EFFAB /* NotificationViewController.swift in Sources */ = {isa = PBXBuildFile; fileRef = CF2BFDDE270C31FE006EFFAB /* NotificationViewController.swift */; };
		CF2BFDE3270C330F006EFFAB /* LoginViewController.swift in Sources */ = {isa = PBXBuildFile; fileRef = CF2BFDE2270C330F006EFFAB /* LoginViewController.swift */; };
		CF2BFDE5270C331C006EFFAB /* RegisterViewController.swift in Sources */ = {isa = PBXBuildFile; fileRef = CF2BFDE4270C331C006EFFAB /* RegisterViewController.swift */; };
		CF2BFDE7270C33A1006EFFAB /* PostViewController.swift in Sources */ = {isa = PBXBuildFile; fileRef = CF2BFDE6270C33A0006EFFAB /* PostViewController.swift */; };
		CF2BFDE9270C33E7006EFFAB /* EditPrlFileViewController.swift in Sources */ = {isa = PBXBuildFile; fileRef = CF2BFDE8270C33E7006EFFAB /* EditPrlFileViewController.swift */; };
		CF2BFDEC270C3408006EFFAB /* SettingViewController.swift in Sources */ = {isa = PBXBuildFile; fileRef = CF2BFDEB270C3408006EFFAB /* SettingViewController.swift */; };
		CF2BFDEE270C342E006EFFAB /* ListViewController.swift in Sources */ = {isa = PBXBuildFile; fileRef = CF2BFDED270C342D006EFFAB /* ListViewController.swift */; };
		CF2BFDF0270C3458006EFFAB /* SearchViewController.swift in Sources */ = {isa = PBXBuildFile; fileRef = CF2BFDEF270C3458006EFFAB /* SearchViewController.swift */; };
		CF2BFDF2270C34A9006EFFAB /* SearchResultViewController.swift in Sources */ = {isa = PBXBuildFile; fileRef = CF2BFDF1270C34A9006EFFAB /* SearchResultViewController.swift */; };
		CF2BFDF4270C3518006EFFAB /* PostEditorViewController.swift in Sources */ = {isa = PBXBuildFile; fileRef = CF2BFDF3270C3518006EFFAB /* PostEditorViewController.swift */; };
		CF2BFDF6270C3594006EFFAB /* PublishPostViewController.swift in Sources */ = {isa = PBXBuildFile; fileRef = CF2BFDF5270C3594006EFFAB /* PublishPostViewController.swift */; };
		CF2BFDF8270EBE58006EFFAB /* DataBaseManager.swift in Sources */ = {isa = PBXBuildFile; fileRef = CF2BFDF7270EBE58006EFFAB /* DataBaseManager.swift */; };
		CF2BFEA8270FEECA006EFFAB /* AuthManager.swift in Sources */ = {isa = PBXBuildFile; fileRef = CF2BFEA7270FEECA006EFFAB /* AuthManager.swift */; };
		CF2BFEAA270FEF3C006EFFAB /* StorageManager.swift in Sources */ = {isa = PBXBuildFile; fileRef = CF2BFEA9270FEF3C006EFFAB /* StorageManager.swift */; };
		CF2BFEAC270FF924006EFFAB /* extensions.swift in Sources */ = {isa = PBXBuildFile; fileRef = CF2BFEAB270FF924006EFFAB /* extensions.swift */; };
/* End PBXBuildFile section */

/* Begin PBXContainerItemProxy section */
		CF2BFDB4270C293D006EFFAB /* PBXContainerItemProxy */ = {
			isa = PBXContainerItemProxy;
			containerPortal = CF2BFD95270C293B006EFFAB /* Project object */;
			proxyType = 1;
			remoteGlobalIDString = CF2BFD9C270C293B006EFFAB;
			remoteInfo = testFireBase;
		};
		CF2BFDBE270C293D006EFFAB /* PBXContainerItemProxy */ = {
			isa = PBXContainerItemProxy;
			containerPortal = CF2BFD95270C293B006EFFAB /* Project object */;
			proxyType = 1;
			remoteGlobalIDString = CF2BFD9C270C293B006EFFAB;
			remoteInfo = testFireBase;
		};
/* End PBXContainerItemProxy section */

/* Begin PBXFileReference section */
		12E4A88FFD483E958037FCE4 /* Pods-testFireBase-testFireBaseUITests.release.xcconfig */ = {isa = PBXFileReference; includeInIndex = 1; lastKnownFileType = text.xcconfig; name = "Pods-testFireBase-testFireBaseUITests.release.xcconfig"; path = "Target Support Files/Pods-testFireBase-testFireBaseUITests/Pods-testFireBase-testFireBaseUITests.release.xcconfig"; sourceTree = "<group>"; };
		23BB6D6D6861653B577D3449 /* Pods_testFireBaseTests.framework */ = {isa = PBXFileReference; explicitFileType = wrapper.framework; includeInIndex = 0; path = Pods_testFireBaseTests.framework; sourceTree = BUILT_PRODUCTS_DIR; };
		5B1FDD449CA760492AE5FABE /* Pods-testFireBaseTests.debug.xcconfig */ = {isa = PBXFileReference; includeInIndex = 1; lastKnownFileType = text.xcconfig; name = "Pods-testFireBaseTests.debug.xcconfig"; path = "Target Support Files/Pods-testFireBaseTests/Pods-testFireBaseTests.debug.xcconfig"; sourceTree = "<group>"; };
		60661CC6946D1F7B8519BC99 /* Pods-testFireBaseTests.release.xcconfig */ = {isa = PBXFileReference; includeInIndex = 1; lastKnownFileType = text.xcconfig; name = "Pods-testFireBaseTests.release.xcconfig"; path = "Target Support Files/Pods-testFireBaseTests/Pods-testFireBaseTests.release.xcconfig"; sourceTree = "<group>"; };
		7551DB43C0EAA939CB86F019 /* Pods_testFireBase_testFireBaseUITests.framework */ = {isa = PBXFileReference; explicitFileType = wrapper.framework; includeInIndex = 0; path = Pods_testFireBase_testFireBaseUITests.framework; sourceTree = BUILT_PRODUCTS_DIR; };
		CAB8639CD4BE6672B303F712 /* Pods-testFireBase-testFireBaseUITests.debug.xcconfig */ = {isa = PBXFileReference; includeInIndex = 1; lastKnownFileType = text.xcconfig; name = "Pods-testFireBase-testFireBaseUITests.debug.xcconfig"; path = "Target Support Files/Pods-testFireBase-testFireBaseUITests/Pods-testFireBase-testFireBaseUITests.debug.xcconfig"; sourceTree = "<group>"; };
		CF2BFDA0270C293B006EFFAB /* AppDelegate.swift */ = {isa = PBXFileReference; lastKnownFileType = sourcecode.swift; path = AppDelegate.swift; sourceTree = "<group>"; };
		CF2BFDA2270C293B006EFFAB /* SceneDelegate.swift */ = {isa = PBXFileReference; lastKnownFileType = sourcecode.swift; path = SceneDelegate.swift; sourceTree = "<group>"; };
		CF2BFDA4270C293B006EFFAB /* HomeViewController.swift */ = {isa = PBXFileReference; lastKnownFileType = sourcecode.swift; path = HomeViewController.swift; sourceTree = "<group>"; };
		CF2BFDA7270C293B006EFFAB /* Base */ = {isa = PBXFileReference; lastKnownFileType = file.storyboard; name = Base; path = Base.lproj/Main.storyboard; sourceTree = "<group>"; };
		CF2BFDA9270C293D006EFFAB /* Assets.xcassets */ = {isa = PBXFileReference; lastKnownFileType = folder.assetcatalog; path = Assets.xcassets; sourceTree = "<group>"; };
		CF2BFDAC270C293D006EFFAB /* Base */ = {isa = PBXFileReference; lastKnownFileType = file.storyboard; name = Base; path = Base.lproj/LaunchScreen.storyboard; sourceTree = "<group>"; };
		CF2BFDAE270C293D006EFFAB /* Info.plist */ = {isa = PBXFileReference; lastKnownFileType = text.plist.xml; path = Info.plist; sourceTree = "<group>"; };
		CF2BFDB7270C293D006EFFAB /* testFireBaseTests.swift */ = {isa = PBXFileReference; lastKnownFileType = sourcecode.swift; path = testFireBaseTests.swift; sourceTree = "<group>"; };
		CF2BFDC1270C293D006EFFAB /* testFireBaseUITests.swift */ = {isa = PBXFileReference; lastKnownFileType = sourcecode.swift; path = testFireBaseUITests.swift; sourceTree = "<group>"; };
		CF2BFDC3270C293D006EFFAB /* testFireBaseUITestsLaunchTests.swift */ = {isa = PBXFileReference; lastKnownFileType = sourcecode.swift; path = testFireBaseUITestsLaunchTests.swift; sourceTree = "<group>"; };
		CF2BFDD0270C2E02006EFFAB /* GoogleService-Info.plist */ = {isa = PBXFileReference; fileEncoding = 4; lastKnownFileType = text.plist.xml; path = "GoogleService-Info.plist"; sourceTree = "<group>"; };
		CF2BFDD8270C3145006EFFAB /* ExploreViewController.swift */ = {isa = PBXFileReference; lastKnownFileType = sourcecode.swift; path = ExploreViewController.swift; sourceTree = "<group>"; };
		CF2BFDDA270C3186006EFFAB /* ProFileViewController.swift */ = {isa = PBXFileReference; lastKnownFileType = sourcecode.swift; path = ProFileViewController.swift; sourceTree = "<group>"; };
		CF2BFDDC270C31B3006EFFAB /* CameraViewController.swift */ = {isa = PBXFileReference; lastKnownFileType = sourcecode.swift; path = CameraViewController.swift; sourceTree = "<group>"; };
		CF2BFDDE270C31FE006EFFAB /* NotificationViewController.swift */ = {isa = PBXFileReference; lastKnownFileType = sourcecode.swift; path = NotificationViewController.swift; sourceTree = "<group>"; };
		CF2BFDE2270C330F006EFFAB /* LoginViewController.swift */ = {isa = PBXFileReference; lastKnownFileType = sourcecode.swift; path = LoginViewController.swift; sourceTree = "<group>"; };
		CF2BFDE4270C331C006EFFAB /* RegisterViewController.swift */ = {isa = PBXFileReference; lastKnownFileType = sourcecode.swift; path = RegisterViewController.swift; sourceTree = "<group>"; };
		CF2BFDE6270C33A0006EFFAB /* PostViewController.swift */ = {isa = PBXFileReference; lastKnownFileType = sourcecode.swift; path = PostViewController.swift; sourceTree = "<group>"; };
		CF2BFDE8270C33E7006EFFAB /* EditPrlFileViewController.swift */ = {isa = PBXFileReference; lastKnownFileType = sourcecode.swift; path = EditPrlFileViewController.swift; sourceTree = "<group>"; };
		CF2BFDEB270C3408006EFFAB /* SettingViewController.swift */ = {isa = PBXFileReference; lastKnownFileType = sourcecode.swift; path = SettingViewController.swift; sourceTree = "<group>"; };
		CF2BFDED270C342D006EFFAB /* ListViewController.swift */ = {isa = PBXFileReference; lastKnownFileType = sourcecode.swift; path = ListViewController.swift; sourceTree = "<group>"; };
		CF2BFDEF270C3458006EFFAB /* SearchViewController.swift */ = {isa = PBXFileReference; lastKnownFileType = sourcecode.swift; path = SearchViewController.swift; sourceTree = "<group>"; };
		CF2BFDF1270C34A9006EFFAB /* SearchResultViewController.swift */ = {isa = PBXFileReference; lastKnownFileType = sourcecode.swift; path = SearchResultViewController.swift; sourceTree = "<group>"; };
		CF2BFDF3270C3518006EFFAB /* PostEditorViewController.swift */ = {isa = PBXFileReference; lastKnownFileType = sourcecode.swift; path = PostEditorViewController.swift; sourceTree = "<group>"; };
		CF2BFDF5270C3594006EFFAB /* PublishPostViewController.swift */ = {isa = PBXFileReference; lastKnownFileType = sourcecode.swift; path = PublishPostViewController.swift; sourceTree = "<group>"; };
		CF2BFDF7270EBE58006EFFAB /* DataBaseManager.swift */ = {isa = PBXFileReference; lastKnownFileType = sourcecode.swift; path = DataBaseManager.swift; sourceTree = "<group>"; };
		CF2BFEA4270FEAB3006EFFAB /* testFireBase.app */ = {isa = PBXFileReference; explicitFileType = wrapper.application; includeInIndex = 0; path = testFireBase.app; sourceTree = BUILT_PRODUCTS_DIR; };
		CF2BFEA5270FEAB3006EFFAB /* testFireBaseTests.xctest */ = {isa = PBXFileReference; explicitFileType = wrapper.cfbundle; includeInIndex = 0; path = testFireBaseTests.xctest; sourceTree = BUILT_PRODUCTS_DIR; };
		CF2BFEA6270FEAB3006EFFAB /* testFireBaseUITests.xctest */ = {isa = PBXFileReference; explicitFileType = wrapper.cfbundle; includeInIndex = 0; path = testFireBaseUITests.xctest; sourceTree = BUILT_PRODUCTS_DIR; };
		CF2BFEA7270FEECA006EFFAB /* AuthManager.swift */ = {isa = PBXFileReference; lastKnownFileType = sourcecode.swift; path = AuthManager.swift; sourceTree = "<group>"; };
		CF2BFEA9270FEF3C006EFFAB /* StorageManager.swift */ = {isa = PBXFileReference; lastKnownFileType = sourcecode.swift; path = StorageManager.swift; sourceTree = "<group>"; };
		CF2BFEAB270FF924006EFFAB /* extensions.swift */ = {isa = PBXFileReference; lastKnownFileType = sourcecode.swift; path = extensions.swift; sourceTree = "<group>"; };
		E2A544BCBD5FA07DED88AFC6 /* Pods-testFireBase.release.xcconfig */ = {isa = PBXFileReference; includeInIndex = 1; lastKnownFileType = text.xcconfig; name = "Pods-testFireBase.release.xcconfig"; path = "Target Support Files/Pods-testFireBase/Pods-testFireBase.release.xcconfig"; sourceTree = "<group>"; };
		ED8EAAE6F4CE03001B7B56C7 /* Pods_testFireBase.framework */ = {isa = PBXFileReference; explicitFileType = wrapper.framework; includeInIndex = 0; path = Pods_testFireBase.framework; sourceTree = BUILT_PRODUCTS_DIR; };
		F4ED56DE2A7932D1B4E08163 /* Pods-testFireBase.debug.xcconfig */ = {isa = PBXFileReference; includeInIndex = 1; lastKnownFileType = text.xcconfig; name = "Pods-testFireBase.debug.xcconfig"; path = "Target Support Files/Pods-testFireBase/Pods-testFireBase.debug.xcconfig"; sourceTree = "<group>"; };
/* End PBXFileReference section */

/* Begin PBXFrameworksBuildPhase section */
		CF2BFD9A270C293B006EFFAB /* Frameworks */ = {
			isa = PBXFrameworksBuildPhase;
			buildActionMask = 2147483647;
			files = (
				468E69412B6A7845461F551B /* Pods_testFireBase.framework in Frameworks */,
			);
			runOnlyForDeploymentPostprocessing = 0;
		};
		CF2BFDB0270C293D006EFFAB /* Frameworks */ = {
			isa = PBXFrameworksBuildPhase;
			buildActionMask = 2147483647;
			files = (
				9D5D51BE8F37D66921A0DF1C /* Pods_testFireBaseTests.framework in Frameworks */,
			);
			runOnlyForDeploymentPostprocessing = 0;
		};
		CF2BFDBA270C293D006EFFAB /* Frameworks */ = {
			isa = PBXFrameworksBuildPhase;
			buildActionMask = 2147483647;
			files = (
				38D1C21836FFB0C85B8DC075 /* Pods_testFireBase_testFireBaseUITests.framework in Frameworks */,
			);
			runOnlyForDeploymentPostprocessing = 0;
		};
/* End PBXFrameworksBuildPhase section */

/* Begin PBXGroup section */
		518B30A0EB2A13C6EE8B509B /* Frameworks */ = {
			isa = PBXGroup;
			children = (
				ED8EAAE6F4CE03001B7B56C7 /* Pods_testFireBase.framework */,
				7551DB43C0EAA939CB86F019 /* Pods_testFireBase_testFireBaseUITests.framework */,
				23BB6D6D6861653B577D3449 /* Pods_testFireBaseTests.framework */,
			);
			name = Frameworks;
			sourceTree = "<group>";
		};
		7E52152AC108011DDE642B4C /* Pods */ = {
			isa = PBXGroup;
			children = (
				F4ED56DE2A7932D1B4E08163 /* Pods-testFireBase.debug.xcconfig */,
				E2A544BCBD5FA07DED88AFC6 /* Pods-testFireBase.release.xcconfig */,
				CAB8639CD4BE6672B303F712 /* Pods-testFireBase-testFireBaseUITests.debug.xcconfig */,
				12E4A88FFD483E958037FCE4 /* Pods-testFireBase-testFireBaseUITests.release.xcconfig */,
				5B1FDD449CA760492AE5FABE /* Pods-testFireBaseTests.debug.xcconfig */,
				60661CC6946D1F7B8519BC99 /* Pods-testFireBaseTests.release.xcconfig */,
			);
			path = Pods;
			sourceTree = "<group>";
		};
		CF2BFD94270C293B006EFFAB = {
			isa = PBXGroup;
			children = (
				CF2BFD9F270C293B006EFFAB /* testFireBase */,
				CF2BFDD2270C2E14006EFFAB /* FireBaseInfo */,
				CF2BFDB6270C293D006EFFAB /* testFireBaseTests */,
				CF2BFDC0270C293D006EFFAB /* testFireBaseUITests */,
				7E52152AC108011DDE642B4C /* Pods */,
				518B30A0EB2A13C6EE8B509B /* Frameworks */,
				CF2BFEA4270FEAB3006EFFAB /* testFireBase.app */,
				CF2BFEA5270FEAB3006EFFAB /* testFireBaseTests.xctest */,
				CF2BFEA6270FEAB3006EFFAB /* testFireBaseUITests.xctest */,
			);
			sourceTree = "<group>";
		};
		CF2BFD9F270C293B006EFFAB /* testFireBase */ = {
			isa = PBXGroup;
			children = (
				CF2BFDD6270C2E6E006EFFAB /* Resources */,
				CF2BFDD5270C2E66006EFFAB /* Models */,
				CF2BFDD4270C2E5C006EFFAB /* Controllers */,
				CF2BFDD3270C2E42006EFFAB /* Views */,
				CF2BFDA9270C293D006EFFAB /* Assets.xcassets */,
				CF2BFDAE270C293D006EFFAB /* Info.plist */,
			);
			path = testFireBase;
			sourceTree = "<group>";
		};
		CF2BFDB6270C293D006EFFAB /* testFireBaseTests */ = {
			isa = PBXGroup;
			children = (
				CF2BFDB7270C293D006EFFAB /* testFireBaseTests.swift */,
			);
			path = testFireBaseTests;
			sourceTree = "<group>";
		};
		CF2BFDC0270C293D006EFFAB /* testFireBaseUITests */ = {
			isa = PBXGroup;
			children = (
				CF2BFDC1270C293D006EFFAB /* testFireBaseUITests.swift */,
				CF2BFDC3270C293D006EFFAB /* testFireBaseUITestsLaunchTests.swift */,
			);
			path = testFireBaseUITests;
			sourceTree = "<group>";
		};
		CF2BFDD2270C2E14006EFFAB /* FireBaseInfo */ = {
			isa = PBXGroup;
			children = (
				CF2BFDD0270C2E02006EFFAB /* GoogleService-Info.plist */,
			);
			path = FireBaseInfo;
			sourceTree = "<group>";
		};
		CF2BFDD3270C2E42006EFFAB /* Views */ = {
			isa = PBXGroup;
			children = (
				CF2BFDD7270C3070006EFFAB /* storyboards */,
			);
			path = Views;
			sourceTree = "<group>";
		};
		CF2BFDD4270C2E5C006EFFAB /* Controllers */ = {
			isa = PBXGroup;
			children = (
				CF2BFDE1270C32F8006EFFAB /* Other */,
				CF2BFDE0270C3265006EFFAB /* Core Tabs */,
			);
			path = Controllers;
			sourceTree = "<group>";
		};
		CF2BFDD5270C2E66006EFFAB /* Models */ = {
			isa = PBXGroup;
			children = (
			);
			path = Models;
			sourceTree = "<group>";
		};
		CF2BFDD6270C2E6E006EFFAB /* Resources */ = {
			isa = PBXGroup;
			children = (
				CF2BFDA0270C293B006EFFAB /* AppDelegate.swift */,
				CF2BFDA2270C293B006EFFAB /* SceneDelegate.swift */,
				CF2BFDF7270EBE58006EFFAB /* DataBaseManager.swift */,
				CF2BFEA7270FEECA006EFFAB /* AuthManager.swift */,
				CF2BFEA9270FEF3C006EFFAB /* StorageManager.swift */,
				CF2BFEAB270FF924006EFFAB /* extensions.swift */,
			);
			path = Resources;
			sourceTree = "<group>";
		};
		CF2BFDD7270C3070006EFFAB /* storyboards */ = {
			isa = PBXGroup;
			children = (
				CF2BFDA6270C293B006EFFAB /* Main.storyboard */,
				CF2BFDAB270C293D006EFFAB /* LaunchScreen.storyboard */,
			);
			path = storyboards;
			sourceTree = "<group>";
		};
		CF2BFDE0270C3265006EFFAB /* Core Tabs */ = {
			isa = PBXGroup;
			children = (
				CF2BFDA4270C293B006EFFAB /* HomeViewController.swift */,
				CF2BFDD8270C3145006EFFAB /* ExploreViewController.swift */,
				CF2BFDDA270C3186006EFFAB /* ProFileViewController.swift */,
				CF2BFDDC270C31B3006EFFAB /* CameraViewController.swift */,
				CF2BFDDE270C31FE006EFFAB /* NotificationViewController.swift */,
			);
			path = "Core Tabs";
			sourceTree = "<group>";
		};
		CF2BFDE1270C32F8006EFFAB /* Other */ = {
			isa = PBXGroup;
			children = (
				CF2BFDE2270C330F006EFFAB /* LoginViewController.swift */,
				CF2BFDE4270C331C006EFFAB /* RegisterViewController.swift */,
				CF2BFDE6270C33A0006EFFAB /* PostViewController.swift */,
				CF2BFDE8270C33E7006EFFAB /* EditPrlFileViewController.swift */,
				CF2BFDEB270C3408006EFFAB /* SettingViewController.swift */,
				CF2BFDED270C342D006EFFAB /* ListViewController.swift */,
				CF2BFDEF270C3458006EFFAB /* SearchViewController.swift */,
				CF2BFDF1270C34A9006EFFAB /* SearchResultViewController.swift */,
				CF2BFDF3270C3518006EFFAB /* PostEditorViewController.swift */,
				CF2BFDF5270C3594006EFFAB /* PublishPostViewController.swift */,
			);
			path = Other;
			sourceTree = "<group>";
		};
/* End PBXGroup section */

/* Begin PBXNativeTarget section */
		CF2BFD9C270C293B006EFFAB /* testFireBase */ = {
			isa = PBXNativeTarget;
			buildConfigurationList = CF2BFDC7270C293D006EFFAB /* Build configuration list for PBXNativeTarget "testFireBase" */;
			buildPhases = (
				792AA26E04296D4BC3CE297F /* [CP] Check Pods Manifest.lock */,
				CF2BFD99270C293B006EFFAB /* Sources */,
				CF2BFD9A270C293B006EFFAB /* Frameworks */,
				CF2BFD9B270C293B006EFFAB /* Resources */,
				9D0F6A3F74185DB6A1DFA9FE /* [CP] Embed Pods Frameworks */,
			);
			buildRules = (
			);
			dependencies = (
			);
			name = testFireBase;
			productName = testFireBase;
			productReference = CF2BFEA4270FEAB3006EFFAB /* testFireBase.app */;
			productType = "com.apple.product-type.application";
		};
		CF2BFDB2270C293D006EFFAB /* testFireBaseTests */ = {
			isa = PBXNativeTarget;
			buildConfigurationList = CF2BFDCA270C293D006EFFAB /* Build configuration list for PBXNativeTarget "testFireBaseTests" */;
			buildPhases = (
				12048851576708AAEF0EFFFD /* [CP] Check Pods Manifest.lock */,
				CF2BFDAF270C293D006EFFAB /* Sources */,
				CF2BFDB0270C293D006EFFAB /* Frameworks */,
				CF2BFDB1270C293D006EFFAB /* Resources */,
			);
			buildRules = (
			);
			dependencies = (
				CF2BFDB5270C293D006EFFAB /* PBXTargetDependency */,
			);
			name = testFireBaseTests;
			productName = testFireBaseTests;
			productReference = CF2BFEA5270FEAB3006EFFAB /* testFireBaseTests.xctest */;
			productType = "com.apple.product-type.bundle.unit-test";
		};
		CF2BFDBC270C293D006EFFAB /* testFireBaseUITests */ = {
			isa = PBXNativeTarget;
			buildConfigurationList = CF2BFDCD270C293D006EFFAB /* Build configuration list for PBXNativeTarget "testFireBaseUITests" */;
			buildPhases = (
				8C96B329D264285B8475C255 /* [CP] Check Pods Manifest.lock */,
				CF2BFDB9270C293D006EFFAB /* Sources */,
				CF2BFDBA270C293D006EFFAB /* Frameworks */,
				CF2BFDBB270C293D006EFFAB /* Resources */,
				2E56A268FA5F36C347BF9ABC /* [CP] Embed Pods Frameworks */,
			);
			buildRules = (
			);
			dependencies = (
				CF2BFDBF270C293D006EFFAB /* PBXTargetDependency */,
			);
			name = testFireBaseUITests;
			productName = testFireBaseUITests;
			productReference = CF2BFEA6270FEAB3006EFFAB /* testFireBaseUITests.xctest */;
			productType = "com.apple.product-type.bundle.ui-testing";
		};
/* End PBXNativeTarget section */

/* Begin PBXProject section */
		CF2BFD95270C293B006EFFAB /* Project object */ = {
			isa = PBXProject;
			attributes = {
				BuildIndependentTargetsInParallel = 1;
				LastSwiftUpdateCheck = 1300;
				LastUpgradeCheck = 1300;
				TargetAttributes = {
					CF2BFD9C270C293B006EFFAB = {
						CreatedOnToolsVersion = 13.0;
					};
					CF2BFDB2270C293D006EFFAB = {
						CreatedOnToolsVersion = 13.0;
						TestTargetID = CF2BFD9C270C293B006EFFAB;
					};
					CF2BFDBC270C293D006EFFAB = {
						CreatedOnToolsVersion = 13.0;
						TestTargetID = CF2BFD9C270C293B006EFFAB;
					};
				};
			};
			buildConfigurationList = CF2BFD98270C293B006EFFAB /* Build configuration list for PBXProject "testFireBase" */;
			compatibilityVersion = "Xcode 13.0";
			developmentRegion = en;
			hasScannedForEncodings = 0;
			knownRegions = (
				en,
				Base,
			);
			mainGroup = CF2BFD94270C293B006EFFAB;
			productRefGroup = CF2BFD94270C293B006EFFAB;
			projectDirPath = "";
			projectRoot = "";
			targets = (
				CF2BFD9C270C293B006EFFAB /* testFireBase */,
				CF2BFDB2270C293D006EFFAB /* testFireBaseTests */,
				CF2BFDBC270C293D006EFFAB /* testFireBaseUITests */,
			);
		};
/* End PBXProject section */

/* Begin PBXResourcesBuildPhase section */
		CF2BFD9B270C293B006EFFAB /* Resources */ = {
			isa = PBXResourcesBuildPhase;
			buildActionMask = 2147483647;
			files = (
				CF2BFDAD270C293D006EFFAB /* LaunchScreen.storyboard in Resources */,
				CF2BFDD1270C2E02006EFFAB /* GoogleService-Info.plist in Resources */,
				CF2BFDAA270C293D006EFFAB /* Assets.xcassets in Resources */,
				CF2BFDA8270C293B006EFFAB /* Main.storyboard in Resources */,
			);
			runOnlyForDeploymentPostprocessing = 0;
		};
		CF2BFDB1270C293D006EFFAB /* Resources */ = {
			isa = PBXResourcesBuildPhase;
			buildActionMask = 2147483647;
			files = (
			);
			runOnlyForDeploymentPostprocessing = 0;
		};
		CF2BFDBB270C293D006EFFAB /* Resources */ = {
			isa = PBXResourcesBuildPhase;
			buildActionMask = 2147483647;
			files = (
			);
			runOnlyForDeploymentPostprocessing = 0;
		};
/* End PBXResourcesBuildPhase section */

/* Begin PBXShellScriptBuildPhase section */
		12048851576708AAEF0EFFFD /* [CP] Check Pods Manifest.lock */ = {
			isa = PBXShellScriptBuildPhase;
			buildActionMask = 2147483647;
			files = (
			);
			inputFileListPaths = (
			);
			inputPaths = (
				"${PODS_PODFILE_DIR_PATH}/Podfile.lock",
				"${PODS_ROOT}/Manifest.lock",
			);
			name = "[CP] Check Pods Manifest.lock";
			outputFileListPaths = (
			);
			outputPaths = (
				"$(DERIVED_FILE_DIR)/Pods-testFireBaseTests-checkManifestLockResult.txt",
			);
			runOnlyForDeploymentPostprocessing = 0;
			shellPath = /bin/sh;
			shellScript = "diff \"${PODS_PODFILE_DIR_PATH}/Podfile.lock\" \"${PODS_ROOT}/Manifest.lock\" > /dev/null\nif [ $? != 0 ] ; then\n    # print error to STDERR\n    echo \"error: The sandbox is not in sync with the Podfile.lock. Run 'pod install' or update your CocoaPods installation.\" >&2\n    exit 1\nfi\n# This output is used by Xcode 'outputs' to avoid re-running this script phase.\necho \"SUCCESS\" > \"${SCRIPT_OUTPUT_FILE_0}\"\n";
			showEnvVarsInLog = 0;
		};
		2E56A268FA5F36C347BF9ABC /* [CP] Embed Pods Frameworks */ = {
			isa = PBXShellScriptBuildPhase;
			buildActionMask = 2147483647;
			files = (
			);
			inputFileListPaths = (
				"${PODS_ROOT}/Target Support Files/Pods-testFireBase-testFireBaseUITests/Pods-testFireBase-testFireBaseUITests-frameworks-${CONFIGURATION}-input-files.xcfilelist",
			);
			name = "[CP] Embed Pods Frameworks";
			outputFileListPaths = (
				"${PODS_ROOT}/Target Support Files/Pods-testFireBase-testFireBaseUITests/Pods-testFireBase-testFireBaseUITests-frameworks-${CONFIGURATION}-output-files.xcfilelist",
			);
			runOnlyForDeploymentPostprocessing = 0;
			shellPath = /bin/sh;
			shellScript = "\"${PODS_ROOT}/Target Support Files/Pods-testFireBase-testFireBaseUITests/Pods-testFireBase-testFireBaseUITests-frameworks.sh\"\n";
			showEnvVarsInLog = 0;
		};
		792AA26E04296D4BC3CE297F /* [CP] Check Pods Manifest.lock */ = {
			isa = PBXShellScriptBuildPhase;
			buildActionMask = 2147483647;
			files = (
			);
			inputFileListPaths = (
			);
			inputPaths = (
				"${PODS_PODFILE_DIR_PATH}/Podfile.lock",
				"${PODS_ROOT}/Manifest.lock",
			);
			name = "[CP] Check Pods Manifest.lock";
			outputFileListPaths = (
			);
			outputPaths = (
				"$(DERIVED_FILE_DIR)/Pods-testFireBase-checkManifestLockResult.txt",
			);
			runOnlyForDeploymentPostprocessing = 0;
			shellPath = /bin/sh;
			shellScript = "diff \"${PODS_PODFILE_DIR_PATH}/Podfile.lock\" \"${PODS_ROOT}/Manifest.lock\" > /dev/null\nif [ $? != 0 ] ; then\n    # print error to STDERR\n    echo \"error: The sandbox is not in sync with the Podfile.lock. Run 'pod install' or update your CocoaPods installation.\" >&2\n    exit 1\nfi\n# This output is used by Xcode 'outputs' to avoid re-running this script phase.\necho \"SUCCESS\" > \"${SCRIPT_OUTPUT_FILE_0}\"\n";
			showEnvVarsInLog = 0;
		};
		8C96B329D264285B8475C255 /* [CP] Check Pods Manifest.lock */ = {
			isa = PBXShellScriptBuildPhase;
			buildActionMask = 2147483647;
			files = (
			);
			inputFileListPaths = (
			);
			inputPaths = (
				"${PODS_PODFILE_DIR_PATH}/Podfile.lock",
				"${PODS_ROOT}/Manifest.lock",
			);
			name = "[CP] Check Pods Manifest.lock";
			outputFileListPaths = (
			);
			outputPaths = (
				"$(DERIVED_FILE_DIR)/Pods-testFireBase-testFireBaseUITests-checkManifestLockResult.txt",
			);
			runOnlyForDeploymentPostprocessing = 0;
			shellPath = /bin/sh;
			shellScript = "diff \"${PODS_PODFILE_DIR_PATH}/Podfile.lock\" \"${PODS_ROOT}/Manifest.lock\" > /dev/null\nif [ $? != 0 ] ; then\n    # print error to STDERR\n    echo \"error: The sandbox is not in sync with the Podfile.lock. Run 'pod install' or update your CocoaPods installation.\" >&2\n    exit 1\nfi\n# This output is used by Xcode 'outputs' to avoid re-running this script phase.\necho \"SUCCESS\" > \"${SCRIPT_OUTPUT_FILE_0}\"\n";
			showEnvVarsInLog = 0;
		};
		9D0F6A3F74185DB6A1DFA9FE /* [CP] Embed Pods Frameworks */ = {
			isa = PBXShellScriptBuildPhase;
			buildActionMask = 2147483647;
			files = (
			);
			inputFileListPaths = (
				"${PODS_ROOT}/Target Support Files/Pods-testFireBase/Pods-testFireBase-frameworks-${CONFIGURATION}-input-files.xcfilelist",
			);
			name = "[CP] Embed Pods Frameworks";
			outputFileListPaths = (
				"${PODS_ROOT}/Target Support Files/Pods-testFireBase/Pods-testFireBase-frameworks-${CONFIGURATION}-output-files.xcfilelist",
			);
			runOnlyForDeploymentPostprocessing = 0;
			shellPath = /bin/sh;
			shellScript = "\"${PODS_ROOT}/Target Support Files/Pods-testFireBase/Pods-testFireBase-frameworks.sh\"\n";
			showEnvVarsInLog = 0;
		};
/* End PBXShellScriptBuildPhase section */

/* Begin PBXSourcesBuildPhase section */
		CF2BFD99270C293B006EFFAB /* Sources */ = {
			isa = PBXSourcesBuildPhase;
			buildActionMask = 2147483647;
			files = (
				CF2BFDD9270C3145006EFFAB /* ExploreViewController.swift in Sources */,
				CF2BFDA5270C293B006EFFAB /* HomeViewController.swift in Sources */,
				CF2BFDF6270C3594006EFFAB /* PublishPostViewController.swift in Sources */,
				CF2BFDA1270C293B006EFFAB /* AppDelegate.swift in Sources */,
				CF2BFDDF270C31FE006EFFAB /* NotificationViewController.swift in Sources */,
				CF2BFEAA270FEF3C006EFFAB /* StorageManager.swift in Sources */,
				CF2BFDE7270C33A1006EFFAB /* PostViewController.swift in Sources */,
				CF2BFDF4270C3518006EFFAB /* PostEditorViewController.swift in Sources */,
				CF2BFDF8270EBE58006EFFAB /* DataBaseManager.swift in Sources */,
				CF2BFDE3270C330F006EFFAB /* LoginViewController.swift in Sources */,
				CF2BFDA3270C293B006EFFAB /* SceneDelegate.swift in Sources */,
				CF2BFDF2270C34A9006EFFAB /* SearchResultViewController.swift in Sources */,
				CF2BFDE9270C33E7006EFFAB /* EditPrlFileViewController.swift in Sources */,
				CF2BFDF0270C3458006EFFAB /* SearchViewController.swift in Sources */,
				CF2BFDDB270C3186006EFFAB /* ProFileViewController.swift in Sources */,
				CF2BFEA8270FEECA006EFFAB /* AuthManager.swift in Sources */,
				CF2BFDE5270C331C006EFFAB /* RegisterViewController.swift in Sources */,
				CF2BFEAC270FF924006EFFAB /* extensions.swift in Sources */,
				CF2BFDDD270C31B3006EFFAB /* CameraViewController.swift in Sources */,
				CF2BFDEE270C342E006EFFAB /* ListViewController.swift in Sources */,
				CF2BFDEC270C3408006EFFAB /* SettingViewController.swift in Sources */,
			);
			runOnlyForDeploymentPostprocessing = 0;
		};
		CF2BFDAF270C293D006EFFAB /* Sources */ = {
			isa = PBXSourcesBuildPhase;
			buildActionMask = 2147483647;
			files = (
				CF2BFDB8270C293D006EFFAB /* testFireBaseTests.swift in Sources */,
			);
			runOnlyForDeploymentPostprocessing = 0;
		};
		CF2BFDB9270C293D006EFFAB /* Sources */ = {
			isa = PBXSourcesBuildPhase;
			buildActionMask = 2147483647;
			files = (
				CF2BFDC2270C293D006EFFAB /* testFireBaseUITests.swift in Sources */,
				CF2BFDC4270C293D006EFFAB /* testFireBaseUITestsLaunchTests.swift in Sources */,
			);
			runOnlyForDeploymentPostprocessing = 0;
		};
/* End PBXSourcesBuildPhase section */

/* Begin PBXTargetDependency section */
		CF2BFDB5270C293D006EFFAB /* PBXTargetDependency */ = {
			isa = PBXTargetDependency;
			target = CF2BFD9C270C293B006EFFAB /* testFireBase */;
			targetProxy = CF2BFDB4270C293D006EFFAB /* PBXContainerItemProxy */;
		};
		CF2BFDBF270C293D006EFFAB /* PBXTargetDependency */ = {
			isa = PBXTargetDependency;
			target = CF2BFD9C270C293B006EFFAB /* testFireBase */;
			targetProxy = CF2BFDBE270C293D006EFFAB /* PBXContainerItemProxy */;
		};
/* End PBXTargetDependency section */

/* Begin PBXVariantGroup section */
		CF2BFDA6270C293B006EFFAB /* Main.storyboard */ = {
			isa = PBXVariantGroup;
			children = (
				CF2BFDA7270C293B006EFFAB /* Base */,
			);
			name = Main.storyboard;
			sourceTree = "<group>";
		};
		CF2BFDAB270C293D006EFFAB /* LaunchScreen.storyboard */ = {
			isa = PBXVariantGroup;
			children = (
				CF2BFDAC270C293D006EFFAB /* Base */,
			);
			name = LaunchScreen.storyboard;
			sourceTree = "<group>";
		};
/* End PBXVariantGroup section */

/* Begin XCBuildConfiguration section */
		CF2BFDC5270C293D006EFFAB /* Debug */ = {
			isa = XCBuildConfiguration;
			buildSettings = {
				ALWAYS_SEARCH_USER_PATHS = NO;
				CLANG_ANALYZER_NONNULL = YES;
				CLANG_ANALYZER_NUMBER_OBJECT_CONVERSION = YES_AGGRESSIVE;
				CLANG_CXX_LANGUAGE_STANDARD = "gnu++17";
				CLANG_CXX_LIBRARY = "libc++";
				CLANG_ENABLE_MODULES = YES;
				CLANG_ENABLE_OBJC_ARC = YES;
				CLANG_ENABLE_OBJC_WEAK = YES;
				CLANG_WARN_BLOCK_CAPTURE_AUTORELEASING = YES;
				CLANG_WARN_BOOL_CONVERSION = YES;
				CLANG_WARN_COMMA = YES;
				CLANG_WARN_CONSTANT_CONVERSION = YES;
				CLANG_WARN_DEPRECATED_OBJC_IMPLEMENTATIONS = YES;
				CLANG_WARN_DIRECT_OBJC_ISA_USAGE = YES_ERROR;
				CLANG_WARN_DOCUMENTATION_COMMENTS = YES;
				CLANG_WARN_EMPTY_BODY = YES;
				CLANG_WARN_ENUM_CONVERSION = YES;
				CLANG_WARN_INFINITE_RECURSION = YES;
				CLANG_WARN_INT_CONVERSION = YES;
				CLANG_WARN_NON_LITERAL_NULL_CONVERSION = YES;
				CLANG_WARN_OBJC_IMPLICIT_RETAIN_SELF = YES;
				CLANG_WARN_OBJC_LITERAL_CONVERSION = YES;
				CLANG_WARN_OBJC_ROOT_CLASS = YES_ERROR;
				CLANG_WARN_QUOTED_INCLUDE_IN_FRAMEWORK_HEADER = YES;
				CLANG_WARN_RANGE_LOOP_ANALYSIS = YES;
				CLANG_WARN_STRICT_PROTOTYPES = YES;
				CLANG_WARN_SUSPICIOUS_MOVE = YES;
				CLANG_WARN_UNGUARDED_AVAILABILITY = YES_AGGRESSIVE;
				CLANG_WARN_UNREACHABLE_CODE = YES;
				CLANG_WARN__DUPLICATE_METHOD_MATCH = YES;
				COPY_PHASE_STRIP = NO;
				DEBUG_INFORMATION_FORMAT = dwarf;
				ENABLE_STRICT_OBJC_MSGSEND = YES;
				ENABLE_TESTABILITY = YES;
				GCC_C_LANGUAGE_STANDARD = gnu11;
				GCC_DYNAMIC_NO_PIC = NO;
				GCC_NO_COMMON_BLOCKS = YES;
				GCC_OPTIMIZATION_LEVEL = 0;
				GCC_PREPROCESSOR_DEFINITIONS = (
					"DEBUG=1",
					"$(inherited)",
				);
				GCC_WARN_64_TO_32_BIT_CONVERSION = YES;
				GCC_WARN_ABOUT_RETURN_TYPE = YES_ERROR;
				GCC_WARN_UNDECLARED_SELECTOR = YES;
				GCC_WARN_UNINITIALIZED_AUTOS = YES_AGGRESSIVE;
				GCC_WARN_UNUSED_FUNCTION = YES;
				GCC_WARN_UNUSED_VARIABLE = YES;
				IPHONEOS_DEPLOYMENT_TARGET = 15.0;
				MTL_ENABLE_DEBUG_INFO = INCLUDE_SOURCE;
				MTL_FAST_MATH = YES;
				ONLY_ACTIVE_ARCH = YES;
				SDKROOT = iphoneos;
				SWIFT_ACTIVE_COMPILATION_CONDITIONS = DEBUG;
				SWIFT_OPTIMIZATION_LEVEL = "-Onone";
			};
			name = Debug;
		};
		CF2BFDC6270C293D006EFFAB /* Release */ = {
			isa = XCBuildConfiguration;
			buildSettings = {
				ALWAYS_SEARCH_USER_PATHS = NO;
				CLANG_ANALYZER_NONNULL = YES;
				CLANG_ANALYZER_NUMBER_OBJECT_CONVERSION = YES_AGGRESSIVE;
				CLANG_CXX_LANGUAGE_STANDARD = "gnu++17";
				CLANG_CXX_LIBRARY = "libc++";
				CLANG_ENABLE_MODULES = YES;
				CLANG_ENABLE_OBJC_ARC = YES;
				CLANG_ENABLE_OBJC_WEAK = YES;
				CLANG_WARN_BLOCK_CAPTURE_AUTORELEASING = YES;
				CLANG_WARN_BOOL_CONVERSION = YES;
				CLANG_WARN_COMMA = YES;
				CLANG_WARN_CONSTANT_CONVERSION = YES;
				CLANG_WARN_DEPRECATED_OBJC_IMPLEMENTATIONS = YES;
				CLANG_WARN_DIRECT_OBJC_ISA_USAGE = YES_ERROR;
				CLANG_WARN_DOCUMENTATION_COMMENTS = YES;
				CLANG_WARN_EMPTY_BODY = YES;
				CLANG_WARN_ENUM_CONVERSION = YES;
				CLANG_WARN_INFINITE_RECURSION = YES;
				CLANG_WARN_INT_CONVERSION = YES;
				CLANG_WARN_NON_LITERAL_NULL_CONVERSION = YES;
				CLANG_WARN_OBJC_IMPLICIT_RETAIN_SELF = YES;
				CLANG_WARN_OBJC_LITERAL_CONVERSION = YES;
				CLANG_WARN_OBJC_ROOT_CLASS = YES_ERROR;
				CLANG_WARN_QUOTED_INCLUDE_IN_FRAMEWORK_HEADER = YES;
				CLANG_WARN_RANGE_LOOP_ANALYSIS = YES;
				CLANG_WARN_STRICT_PROTOTYPES = YES;
				CLANG_WARN_SUSPICIOUS_MOVE = YES;
				CLANG_WARN_UNGUARDED_AVAILABILITY = YES_AGGRESSIVE;
				CLANG_WARN_UNREACHABLE_CODE = YES;
				CLANG_WARN__DUPLICATE_METHOD_MATCH = YES;
				COPY_PHASE_STRIP = NO;
				DEBUG_INFORMATION_FORMAT = "dwarf-with-dsym";
				ENABLE_NS_ASSERTIONS = NO;
				ENABLE_STRICT_OBJC_MSGSEND = YES;
				GCC_C_LANGUAGE_STANDARD = gnu11;
				GCC_NO_COMMON_BLOCKS = YES;
				GCC_WARN_64_TO_32_BIT_CONVERSION = YES;
				GCC_WARN_ABOUT_RETURN_TYPE = YES_ERROR;
				GCC_WARN_UNDECLARED_SELECTOR = YES;
				GCC_WARN_UNINITIALIZED_AUTOS = YES_AGGRESSIVE;
				GCC_WARN_UNUSED_FUNCTION = YES;
				GCC_WARN_UNUSED_VARIABLE = YES;
				IPHONEOS_DEPLOYMENT_TARGET = 15.0;
				MTL_ENABLE_DEBUG_INFO = NO;
				MTL_FAST_MATH = YES;
				SDKROOT = iphoneos;
				SWIFT_COMPILATION_MODE = wholemodule;
				SWIFT_OPTIMIZATION_LEVEL = "-O";
				VALIDATE_PRODUCT = YES;
			};
			name = Release;
		};
		CF2BFDC8270C293D006EFFAB /* Debug */ = {
			isa = XCBuildConfiguration;
			baseConfigurationReference = F4ED56DE2A7932D1B4E08163 /* Pods-testFireBase.debug.xcconfig */;
			buildSettings = {
				ASSETCATALOG_COMPILER_APPICON_NAME = AppIcon;
				ASSETCATALOG_COMPILER_GLOBAL_ACCENT_COLOR_NAME = AccentColor;
				CODE_SIGN_STYLE = Automatic;
				CURRENT_PROJECT_VERSION = 1;
				DEVELOPMENT_TEAM = XS2R7967QT;
				GENERATE_INFOPLIST_FILE = YES;
				INFOPLIST_FILE = testFireBase/Info.plist;
				INFOPLIST_KEY_UIApplicationSupportsIndirectInputEvents = YES;
				INFOPLIST_KEY_UILaunchStoryboardName = LaunchScreen;
				INFOPLIST_KEY_UIMainStoryboardFile = Main;
				INFOPLIST_KEY_UISupportedInterfaceOrientations_iPad = "UIInterfaceOrientationPortrait UIInterfaceOrientationPortraitUpsideDown UIInterfaceOrientationLandscapeLeft UIInterfaceOrientationLandscapeRight";
				INFOPLIST_KEY_UISupportedInterfaceOrientations_iPhone = "UIInterfaceOrientationPortrait UIInterfaceOrientationLandscapeLeft UIInterfaceOrientationLandscapeRight";
				LD_RUNPATH_SEARCH_PATHS = (
					"$(inherited)",
					"@executable_path/Frameworks",
				);
				MARKETING_VERSION = 1.0;
				PRODUCT_BUNDLE_IDENTIFIER = cow.iwaski.testFireBase;
				PRODUCT_NAME = "$(TARGET_NAME)";
				SWIFT_EMIT_LOC_STRINGS = YES;
				SWIFT_VERSION = 5.0;
				TARGETED_DEVICE_FAMILY = 1;
			};
			name = Debug;
		};
		CF2BFDC9270C293D006EFFAB /* Release */ = {
			isa = XCBuildConfiguration;
			baseConfigurationReference = E2A544BCBD5FA07DED88AFC6 /* Pods-testFireBase.release.xcconfig */;
			buildSettings = {
				ASSETCATALOG_COMPILER_APPICON_NAME = AppIcon;
				ASSETCATALOG_COMPILER_GLOBAL_ACCENT_COLOR_NAME = AccentColor;
				CODE_SIGN_STYLE = Automatic;
				CURRENT_PROJECT_VERSION = 1;
				DEVELOPMENT_TEAM = XS2R7967QT;
				GENERATE_INFOPLIST_FILE = YES;
				INFOPLIST_FILE = testFireBase/Info.plist;
				INFOPLIST_KEY_UIApplicationSupportsIndirectInputEvents = YES;
				INFOPLIST_KEY_UILaunchStoryboardName = LaunchScreen;
				INFOPLIST_KEY_UIMainStoryboardFile = Main;
				INFOPLIST_KEY_UISupportedInterfaceOrientations_iPad = "UIInterfaceOrientationPortrait UIInterfaceOrientationPortraitUpsideDown UIInterfaceOrientationLandscapeLeft UIInterfaceOrientationLandscapeRight";
				INFOPLIST_KEY_UISupportedInterfaceOrientations_iPhone = "UIInterfaceOrientationPortrait UIInterfaceOrientationLandscapeLeft UIInterfaceOrientationLandscapeRight";
				LD_RUNPATH_SEARCH_PATHS = (
					"$(inherited)",
					"@executable_path/Frameworks",
				);
				MARKETING_VERSION = 1.0;
				PRODUCT_BUNDLE_IDENTIFIER = cow.iwaski.testFireBase;
				PRODUCT_NAME = "$(TARGET_NAME)";
				SWIFT_EMIT_LOC_STRINGS = YES;
				SWIFT_VERSION = 5.0;
				TARGETED_DEVICE_FAMILY = 1;
			};
			name = Release;
		};
		CF2BFDCB270C293D006EFFAB /* Debug */ = {
			isa = XCBuildConfiguration;
			baseConfigurationReference = 5B1FDD449CA760492AE5FABE /* Pods-testFireBaseTests.debug.xcconfig */;
			buildSettings = {
				ALWAYS_EMBED_SWIFT_STANDARD_LIBRARIES = YES;
				BUNDLE_LOADER = "$(TEST_HOST)";
				CODE_SIGN_STYLE = Automatic;
				CURRENT_PROJECT_VERSION = 1;
				DEVELOPMENT_TEAM = XS2R7967QT;
				GENERATE_INFOPLIST_FILE = YES;
				IPHONEOS_DEPLOYMENT_TARGET = 15.0;
				LD_RUNPATH_SEARCH_PATHS = (
					"$(inherited)",
					"@executable_path/Frameworks",
					"@loader_path/Frameworks",
				);
				MARKETING_VERSION = 1.0;
				PRODUCT_BUNDLE_IDENTIFIER = cow.iwaski.testFireBaseTests;
				PRODUCT_NAME = "$(TARGET_NAME)";
				SWIFT_EMIT_LOC_STRINGS = NO;
				SWIFT_VERSION = 5.0;
				TARGETED_DEVICE_FAMILY = "1,2";
				TEST_HOST = "$(BUILT_PRODUCTS_DIR)/testFireBase.app/testFireBase";
			};
			name = Debug;
		};
		CF2BFDCC270C293D006EFFAB /* Release */ = {
			isa = XCBuildConfiguration;
			baseConfigurationReference = 60661CC6946D1F7B8519BC99 /* Pods-testFireBaseTests.release.xcconfig */;
			buildSettings = {
				ALWAYS_EMBED_SWIFT_STANDARD_LIBRARIES = YES;
				BUNDLE_LOADER = "$(TEST_HOST)";
				CODE_SIGN_STYLE = Automatic;
				CURRENT_PROJECT_VERSION = 1;
				DEVELOPMENT_TEAM = XS2R7967QT;
				GENERATE_INFOPLIST_FILE = YES;
				IPHONEOS_DEPLOYMENT_TARGET = 15.0;
				LD_RUNPATH_SEARCH_PATHS = (
					"$(inherited)",
					"@executable_path/Frameworks",
					"@loader_path/Frameworks",
				);
				MARKETING_VERSION = 1.0;
				PRODUCT_BUNDLE_IDENTIFIER = cow.iwaski.testFireBaseTests;
				PRODUCT_NAME = "$(TARGET_NAME)";
				SWIFT_EMIT_LOC_STRINGS = NO;
				SWIFT_VERSION = 5.0;
				TARGETED_DEVICE_FAMILY = "1,2";
				TEST_HOST = "$(BUILT_PRODUCTS_DIR)/testFireBase.app/testFireBase";
			};
			name = Release;
		};
		CF2BFDCE270C293D006EFFAB /* Debug */ = {
			isa = XCBuildConfiguration;
			baseConfigurationReference = CAB8639CD4BE6672B303F712 /* Pods-testFireBase-testFireBaseUITests.debug.xcconfig */;
			buildSettings = {
				ALWAYS_EMBED_SWIFT_STANDARD_LIBRARIES = YES;
				CODE_SIGN_STYLE = Automatic;
				CURRENT_PROJECT_VERSION = 1;
				DEVELOPMENT_TEAM = XS2R7967QT;
				GENERATE_INFOPLIST_FILE = YES;
				LD_RUNPATH_SEARCH_PATHS = (
					"$(inherited)",
					"@executable_path/Frameworks",
					"@loader_path/Frameworks",
				);
				MARKETING_VERSION = 1.0;
				PRODUCT_BUNDLE_IDENTIFIER = cow.iwaski.testFireBaseUITests;
				PRODUCT_NAME = "$(TARGET_NAME)";
				SWIFT_EMIT_LOC_STRINGS = NO;
				SWIFT_VERSION = 5.0;
				TARGETED_DEVICE_FAMILY = "1,2";
				TEST_TARGET_NAME = testFireBase;
			};
			name = Debug;
		};
		CF2BFDCF270C293D006EFFAB /* Release */ = {
			isa = XCBuildConfiguration;
			baseConfigurationReference = 12E4A88FFD483E958037FCE4 /* Pods-testFireBase-testFireBaseUITests.release.xcconfig */;
			buildSettings = {
				ALWAYS_EMBED_SWIFT_STANDARD_LIBRARIES = YES;
				CODE_SIGN_STYLE = Automatic;
				CURRENT_PROJECT_VERSION = 1;
				DEVELOPMENT_TEAM = XS2R7967QT;
				GENERATE_INFOPLIST_FILE = YES;
				LD_RUNPATH_SEARCH_PATHS = (
					"$(inherited)",
					"@executable_path/Frameworks",
					"@loader_path/Frameworks",
				);
				MARKETING_VERSION = 1.0;
				PRODUCT_BUNDLE_IDENTIFIER = cow.iwaski.testFireBaseUITests;
				PRODUCT_NAME = "$(TARGET_NAME)";
				SWIFT_EMIT_LOC_STRINGS = NO;
				SWIFT_VERSION = 5.0;
				TARGETED_DEVICE_FAMILY = "1,2";
				TEST_TARGET_NAME = testFireBase;
			};
			name = Release;
		};
/* End XCBuildConfiguration section */

/* Begin XCConfigurationList section */
		CF2BFD98270C293B006EFFAB /* Build configuration list for PBXProject "testFireBase" */ = {
			isa = XCConfigurationList;
			buildConfigurations = (
				CF2BFDC5270C293D006EFFAB /* Debug */,
				CF2BFDC6270C293D006EFFAB /* Release */,
			);
			defaultConfigurationIsVisible = 0;
			defaultConfigurationName = Release;
		};
		CF2BFDC7270C293D006EFFAB /* Build configuration list for PBXNativeTarget "testFireBase" */ = {
			isa = XCConfigurationList;
			buildConfigurations = (
				CF2BFDC8270C293D006EFFAB /* Debug */,
				CF2BFDC9270C293D006EFFAB /* Release */,
			);
			defaultConfigurationIsVisible = 0;
			defaultConfigurationName = Release;
		};
		CF2BFDCA270C293D006EFFAB /* Build configuration list for PBXNativeTarget "testFireBaseTests" */ = {
			isa = XCConfigurationList;
			buildConfigurations = (
				CF2BFDCB270C293D006EFFAB /* Debug */,
				CF2BFDCC270C293D006EFFAB /* Release */,
			);
			defaultConfigurationIsVisible = 0;
			defaultConfigurationName = Release;
		};
		CF2BFDCD270C293D006EFFAB /* Build configuration list for PBXNativeTarget "testFireBaseUITests" */ = {
			isa = XCConfigurationList;
			buildConfigurations = (
				CF2BFDCE270C293D006EFFAB /* Debug */,
				CF2BFDCF270C293D006EFFAB /* Release */,
			);
			defaultConfigurationIsVisible = 0;
			defaultConfigurationName = Release;
		};
/* End XCConfigurationList section */
	};
	rootObject = CF2BFD95270C293B006EFFAB /* Project object */;
}
